{
  "name": "brand-dashboard-two",
  "lockfileVersion": 3,
  "requires": true,
  "packages": {
    "": {
      "dependencies": {
        "compromise": "^14.14.4",
        "wink-lemmatizer": "^3.0.4"
      }
    },
    "node_modules/compromise": {
      "version": "14.14.4",
      "resolved": "https://registry.npmjs.org/compromise/-/compromise-14.14.4.tgz",
      "integrity": "sha512-QdbJwronwxeqb7a5KFK/+Y5YieZ4PE1f7ai0vU58Pp4jih+soDCBMuKVbhDEPQ+6+vI3vSiG4UAAjTAXLJw1Qw==",
      "license": "MIT",
      "dependencies": {
        "efrt": "2.7.0",
        "grad-school": "0.0.5",
        "suffix-thumb": "5.0.2"
      },
      "engines": {
        "node": ">=12.0.0"
      }
    },
    "node_modules/efrt": {
      "version": "2.7.0",
      "resolved": "https://registry.npmjs.org/efrt/-/efrt-2.7.0.tgz",
      "integrity": "sha512-/RInbCy1d4P6Zdfa+TMVsf/ufZVotat5hCw3QXmWtjU+3pFEOvOQ7ibo3aIxyCJw2leIeAMjmPj+1SLJiCpdrQ==",
      "license": "MIT",
      "engines": {
        "node": ">=12.0.0"
      }
    },
    "node_modules/grad-school": {
      "version": "0.0.5",
      "resolved": "https://registry.npmjs.org/grad-school/-/grad-school-0.0.5.tgz",
      "integrity": "sha512-rXunEHF9M9EkMydTBux7+IryYXEZinRk6g8OBOGDBzo/qWJjhTxy86i5q7lQYpCLHN8Sqv1XX3OIOc7ka2gtvQ==",
      "license": "MIT",
      "engines": {
        "node": ">=8.0.0"
      }
    },
    "node_modules/suffix-thumb": {
      "version": "5.0.2",
      "resolved": "https://registry.npmjs.org/suffix-thumb/-/suffix-thumb-5.0.2.tgz",
      "integrity": "sha512-I5PWXAFKx3FYnI9a+dQMWNqTxoRt6vdBdb0O+BJ1sxXCWtSoQCusc13E58f+9p4MYx/qCnEMkD5jac6K2j3dgA==",
      "license": "MIT"
    },
    "node_modules/wink-lemmatizer": {
      "version": "3.0.4",
      "resolved": "https://registry.npmjs.org/wink-lemmatizer/-/wink-lemmatizer-3.0.4.tgz",
      "integrity": "sha512-EdLJfy1xLF2ze2cp9Z3qiEWjiq+V8ZVRWiWooCXTXR0AyPxY8ezm4E0puJ0yIj5szzED9tcXV2U7RboaGvboFw==",
      "license": "MIT",
      "dependencies": {
        "wink-lexicon": "^2.2.0",
        "wink-porter2-stemmer": "^2.0.0"
      }
    },
    "node_modules/wink-lexicon": {
      "version": "2.2.0",
      "resolved": "https://registry.npmjs.org/wink-lexicon/-/wink-lexicon-2.2.0.tgz",
      "integrity": "sha512-QIuHS9r/HV6q3PCCz6pymg4gbsryW9wDk8CHdU+sDn0kJcHpECNDIcdY0Q/mZpqxtFLp9dzIw7pjcStLBbGZGg==",
      "license": "MIT"
    },
    "node_modules/wink-porter2-stemmer": {
      "version": "2.0.1",
      "resolved": "https://registry.npmjs.org/wink-porter2-stemmer/-/wink-porter2-stemmer-2.0.1.tgz",
      "integrity": "sha512-0g+RkkqhRXFmSpJQStVXW5N/WsshWpJXsoDRW7DwVkGI2uDT6IBCoq3xdH5p6IHLaC6ygk7RWUsUx4alKxoagQ==",
      "license": "MIT"
    }
  }
}
